
Microsoft Visual Studio Solution File, Format Version 12.00
# Visual Studio Version 17
VisualStudioVersion = 17.4.33122.133
MinimumVisualStudioVersion = 10.0.40219.1
Project("{FAE04EC0-301F-11D3-BF4B-00C04F79EFBC}") = "ValheimLootMod", "ValheimLootMod\ValheimLootMod.csproj", "{A5F85FE5-F3E6-4B4F-876B-AC4682CC1FFF}"
EndProject
Global
	GlobalSection(SolutionConfigurationPlatforms) = preSolution
		Debug|Any CPU = Debug|Any CPU
		Release|Any CPU = Release|Any CPU
	EndGlobalSection
	GlobalSection(ProjectConfigurationPlatforms) = postSolution
		{A5F85FE5-F3E6-4B4F-876B-AC4682CC1FFF}.Debug|Any CPU.ActiveCfg = Debug|Any CPU
		{A5F85FE5-F3E6-4B4F-876B-AC4682CC1FFF}.Debug|Any CPU.Build.0 = Debug|Any CPU
		{A5F85FE5-F3E6-4B4F-876B-AC4682CC1FFF}.Release|Any CPU.ActiveCfg = Release|Any CPU
		{A5F85FE5-F3E6-4B4F-876B-AC4682CC1FFF}.Release|Any CPU.Build.0 = Release|Any CPU
	EndGlobalSection
	GlobalSection(SolutionProperties) = preSolution
		HideSolutionNode = FALSE
	EndGlobalSection
	GlobalSection(ExtensibilityGlobals) = postSolution
		SolutionGuid = {4C77D6A6-3742-498E-9C00-8DB931F2BE7B}
	EndGlobalSection
EndGlobal
